// !$*UTF8*$!
{
	archiveVersion = 1;
	classes = {
	};
	objectVersion = 46;
	objects = {

/* Begin PBXBuildFile section */
		B07C843B1E4454DB0013B832 /* Reachability.m in Sources */ = {isa = PBXBuildFile; fileRef = B07C843A1E4454DB0013B832 /* Reachability.m */; };
		B07C843E1E445DC30013B832 /* CocoaSecurity.m in Sources */ = {isa = PBXBuildFile; fileRef = B07C843D1E445DC30013B832 /* CocoaSecurity.m */; };
		B07C84411E445DE30013B832 /* NSString+Hash.m in Sources */ = {isa = PBXBuildFile; fileRef = B07C84401E445DE30013B832 /* NSString+Hash.m */; };
		B080B9EE1E372072009D6746 /* main.m in Sources */ = {isa = PBXBuildFile; fileRef = B080B9ED1E372072009D6746 /* main.m */; };
		B080B9F11E372072009D6746 /* AppDelegate.m in Sources */ = {isa = PBXBuildFile; fileRef = B080B9F01E372072009D6746 /* AppDelegate.m */; };
		B080B9F41E372072009D6746 /* ViewController.m in Sources */ = {isa = PBXBuildFile; fileRef = B080B9F31E372072009D6746 /* ViewController.m */; };
		B080B9F71E372072009D6746 /* Main.storyboard in Resources */ = {isa = PBXBuildFile; fileRef = B080B9F51E372072009D6746 /* Main.storyboard */; };
		B080B9F91E372072009D6746 /* Assets.xcassets in Resources */ = {isa = PBXBuildFile; fileRef = B080B9F81E372072009D6746 /* Assets.xcassets */; };
		B080B9FC1E372072009D6746 /* LaunchScreen.storyboard in Resources */ = {isa = PBXBuildFile; fileRef = B080B9FA1E372072009D6746 /* LaunchScreen.storyboard */; };
		B080BA071E372072009D6746 /* AFNetworking_____Tests.m in Sources */ = {isa = PBXBuildFile; fileRef = B080BA061E372072009D6746 /* AFNetworking_____Tests.m */; };
		B080BA121E372072009D6746 /* AFNetworking_____UITests.m in Sources */ = {isa = PBXBuildFile; fileRef = B080BA111E372072009D6746 /* AFNetworking_____UITests.m */; };
		EAB8EA05F12786D6179FA062 /* libPods-AFNetworking的文件上传.a in Frameworks */ = {isa = PBXBuildFile; fileRef = 481EB5D847756BBCACC7F97C /* libPods-AFNetworking的文件上传.a */; };
/* End PBXBuildFile section */

/* Begin PBXContainerItemProxy section */
		B080BA031E372072009D6746 /* PBXContainerItemProxy */ = {
			isa = PBXContainerItemProxy;
			containerPortal = B080B9E11E372072009D6746 /* Project object */;
			proxyType = 1;
			remoteGlobalIDString = B080B9E81E372072009D6746;
			remoteInfo = "AFNetworking的文件上传";
		};
		B080BA0E1E372072009D6746 /* PBXContainerItemProxy */ = {
			isa = PBXContainerItemProxy;
			containerPortal = B080B9E11E372072009D6746 /* Project object */;
			proxyType = 1;
			remoteGlobalIDString = B080B9E81E372072009D6746;
			remoteInfo = "AFNetworking的文件上传";
		};
/* End PBXContainerItemProxy section */

/* Begin PBXFileReference section */
		481EB5D847756BBCACC7F97C /* libPods-AFNetworking的文件上传.a */ = {isa = PBXFileReference; explicitFileType = archive.ar; includeInIndex = 0; path = "libPods-AFNetworking的文件上传.a"; sourceTree = BUILT_PRODUCTS_DIR; };
		7470674C4F2FBF1EA1DCA329 /* Pods-AFNetworking的文件上传.release.xcconfig */ = {isa = PBXFileReference; includeInIndex = 1; lastKnownFileType = text.xcconfig; name = "Pods-AFNetworking的文件上传.release.xcconfig"; path = "Pods/Target Support Files/Pods-AFNetworking的文件上传/Pods-AFNetworking的文件上传.release.xcconfig"; sourceTree = "<group>"; };
		7AB21DE025755CE8C110BDBE /* Pods-AFNetworking的文件上传.debug.xcconfig */ = {isa = PBXFileReference; includeInIndex = 1; lastKnownFileType = text.xcconfig; name = "Pods-AFNetworking的文件上传.debug.xcconfig"; path = "Pods/Target Support Files/Pods-AFNetworking的文件上传/Pods-AFNetworking的文件上传.debug.xcconfig"; sourceTree = "<group>"; };
		B07C84391E4454DB0013B832 /* Reachability.h */ = {isa = PBXFileReference; fileEncoding = 4; lastKnownFileType = sourcecode.c.h; path = Reachability.h; sourceTree = "<group>"; };
		B07C843A1E4454DB0013B832 /* Reachability.m */ = {isa = PBXFileReference; fileEncoding = 4; lastKnownFileType = sourcecode.c.objc; path = Reachability.m; sourceTree = "<group>"; };
		B07C843C1E445DC30013B832 /* CocoaSecurity.h */ = {isa = PBXFileReference; fileEncoding = 4; lastKnownFileType = sourcecode.c.h; path = CocoaSecurity.h; sourceTree = "<group>"; };
		B07C843D1E445DC30013B832 /* CocoaSecurity.m */ = {isa = PBXFileReference; fileEncoding = 4; lastKnownFileType = sourcecode.c.objc; path = CocoaSecurity.m; sourceTree = "<group>"; };
		B07C843F1E445DE30013B832 /* NSString+Hash.h */ = {isa = PBXFileReference; fileEncoding = 4; lastKnownFileType = sourcecode.c.h; path = "NSString+Hash.h"; sourceTree = "<group>"; };
		B07C84401E445DE30013B832 /* NSString+Hash.m */ = {isa = PBXFileReference; fileEncoding = 4; lastKnownFileType = sourcecode.c.objc; path = "NSString+Hash.m"; sourceTree = "<group>"; };
		B080B9E91E372072009D6746 /* AFNetworking的文件上传.app */ = {isa = PBXFileReference; explicitFileType = wrapper.application; includeInIndex = 0; path = "AFNetworking的文件上传.app"; sourceTree = BUILT_PRODUCTS_DIR; };
		B080B9ED1E372072009D6746 /* main.m */ = {isa = PBXFileReference; lastKnownFileType = sourcecode.c.objc; path = main.m; sourceTree = "<group>"; };
		B080B9EF1E372072009D6746 /* AppDelegate.h */ = {isa = PBXFileReference; lastKnownFileType = sourcecode.c.h; path = AppDelegate.h; sourceTree = "<group>"; };
		B080B9F01E372072009D6746 /* AppDelegate.m */ = {isa = PBXFileReference; lastKnownFileType = sourcecode.c.objc; path = AppDelegate.m; sourceTree = "<group>"; };
		B080B9F21E372072009D6746 /* ViewController.h */ = {isa = PBXFileReference; lastKnownFileType = sourcecode.c.h; path = ViewController.h; sourceTree = "<group>"; };
		B080B9F31E372072009D6746 /* ViewController.m */ = {isa = PBXFileReference; lastKnownFileType = sourcecode.c.objc; path = ViewController.m; sourceTree = "<group>"; };
		B080B9F61E372072009D6746 /* Base */ = {isa = PBXFileReference; lastKnownFileType = file.storyboard; name = Base; path = Base.lproj/Main.storyboard; sourceTree = "<group>"; };
		B080B9F81E372072009D6746 /* Assets.xcassets */ = {isa = PBXFileReference; lastKnownFileType = folder.assetcatalog; path = Assets.xcassets; sourceTree = "<group>"; };
		B080B9FB1E372072009D6746 /* Base */ = {isa = PBXFileReference; lastKnownFileType = file.storyboard; name = Base; path = Base.lproj/LaunchScreen.storyboard; sourceTree = "<group>"; };
		B080B9FD1E372072009D6746 /* Info.plist */ = {isa = PBXFileReference; lastKnownFileType = text.plist.xml; path = Info.plist; sourceTree = "<group>"; };
		B080BA021E372072009D6746 /* AFNetworking的文件上传Tests.xctest */ = {isa = PBXFileReference; explicitFileType = wrapper.cfbundle; includeInIndex = 0; path = "AFNetworking的文件上传Tests.xctest"; sourceTree = BUILT_PRODUCTS_DIR; };
		B080BA061E372072009D6746 /* AFNetworking_____Tests.m */ = {isa = PBXFileReference; lastKnownFileType = sourcecode.c.objc; path = "AFNetworking_____Tests.m"; sourceTree = "<group>"; };
		B080BA081E372072009D6746 /* Info.plist */ = {isa = PBXFileReference; lastKnownFileType = text.plist.xml; path = Info.plist; sourceTree = "<group>"; };
		B080BA0D1E372072009D6746 /* AFNetworking的文件上传UITests.xctest */ = {isa = PBXFileReference; explicitFileType = wrapper.cfbundle; includeInIndex = 0; path = "AFNetworking的文件上传UITests.xctest"; sourceTree = BUILT_PRODUCTS_DIR; };
		B080BA111E372072009D6746 /* AFNetworking_____UITests.m */ = {isa = PBXFileReference; lastKnownFileType = sourcecode.c.objc; path = "AFNetworking_____UITests.m"; sourceTree = "<group>"; };
		B080BA131E372072009D6746 /* Info.plist */ = {isa = PBXFileReference; lastKnownFileType = text.plist.xml; path = Info.plist; sourceTree = "<group>"; };
/* End PBXFileReference section */

/* Begin PBXFrameworksBuildPhase section */
		B080B9E61E372072009D6746 /* Frameworks */ = {
			isa = PBXFrameworksBuildPhase;
			buildActionMask = 2147483647;
			files = (
				EAB8EA05F12786D6179FA062 /* libPods-AFNetworking的文件上传.a in Frameworks */,
			);
			runOnlyForDeploymentPostprocessing = 0;
		};
		B080B9FF1E372072009D6746 /* Frameworks */ = {
			isa = PBXFrameworksBuildPhase;
			buildActionMask = 2147483647;
			files = (
			);
			runOnlyForDeploymentPostprocessing = 0;
		};
		B080BA0A1E372072009D6746 /* Frameworks */ = {
			isa = PBXFrameworksBuildPhase;
			buildActionMask = 2147483647;
			files = (
			);
			runOnlyForDeploymentPostprocessing = 0;
		};
/* End PBXFrameworksBuildPhase section */

/* Begin PBXGroup section */
		41F1F8D034D7ADF7B97B75C6 /* Pods */ = {
			isa = PBXGroup;
			children = (
				7AB21DE025755CE8C110BDBE /* Pods-AFNetworking的文件上传.debug.xcconfig */,
				7470674C4F2FBF1EA1DCA329 /* Pods-AFNetworking的文件上传.release.xcconfig */,
			);
			name = Pods;
			sourceTree = "<group>";
		};
		4FD92A10CEEBE0B50F104462 /* Frameworks */ = {
			isa = PBXGroup;
			children = (
				481EB5D847756BBCACC7F97C /* libPods-AFNetworking的文件上传.a */,
			);
			name = Frameworks;
			sourceTree = "<group>";
		};
		B080B9E01E372072009D6746 = {
			isa = PBXGroup;
			children = (
				B080B9EB1E372072009D6746 /* AFNetworking的文件上传 */,
				B080BA051E372072009D6746 /* AFNetworking的文件上传Tests */,
				B080BA101E372072009D6746 /* AFNetworking的文件上传UITests */,
				B080B9EA1E372072009D6746 /* Products */,
				41F1F8D034D7ADF7B97B75C6 /* Pods */,
				4FD92A10CEEBE0B50F104462 /* Frameworks */,
			);
			sourceTree = "<group>";
		};
		B080B9EA1E372072009D6746 /* Products */ = {
			isa = PBXGroup;
			children = (
				B080B9E91E372072009D6746 /* AFNetworking的文件上传.app */,
				B080BA021E372072009D6746 /* AFNetworking的文件上传Tests.xctest */,
				B080BA0D1E372072009D6746 /* AFNetworking的文件上传UITests.xctest */,
			);
			name = Products;
			sourceTree = "<group>";
		};
		B080B9EB1E372072009D6746 /* AFNetworking的文件上传 */ = {
			isa = PBXGroup;
			children = (
				B07C84391E4454DB0013B832 /* Reachability.h */,
				B07C843A1E4454DB0013B832 /* Reachability.m */,
				B07C843F1E445DE30013B832 /* NSString+Hash.h */,
				B07C84401E445DE30013B832 /* NSString+Hash.m */,
				B07C843C1E445DC30013B832 /* CocoaSecurity.h */,
				B07C843D1E445DC30013B832 /* CocoaSecurity.m */,
				B080B9EF1E372072009D6746 /* AppDelegate.h */,
				B080B9F01E372072009D6746 /* AppDelegate.m */,
				B080B9F21E372072009D6746 /* ViewController.h */,
				B080B9F31E372072009D6746 /* ViewController.m */,
				B080B9F51E372072009D6746 /* Main.storyboard */,
				B080B9F81E372072009D6746 /* Assets.xcassets */,
				B080B9FA1E372072009D6746 /* LaunchScreen.storyboard */,
				B080B9FD1E372072009D6746 /* Info.plist */,
				B080B9EC1E372072009D6746 /* Supporting Files */,
			);
			path = "AFNetworking的文件上传";
			sourceTree = "<group>";
		};
		B080B9EC1E372072009D6746 /* Supporting Files */ = {
			isa = PBXGroup;
			children = (
				B080B9ED1E372072009D6746 /* main.m */,
			);
			name = "Supporting Files";
			sourceTree = "<group>";
		};
		B080BA051E372072009D6746 /* AFNetworking的文件上传Tests */ = {
			isa = PBXGroup;
			children = (
				B080BA061E372072009D6746 /* AFNetworking_____Tests.m */,
				B080BA081E372072009D6746 /* Info.plist */,
			);
			path = "AFNetworking的文件上传Tests";
			sourceTree = "<group>";
		};
		B080BA101E372072009D6746 /* AFNetworking的文件上传UITests */ = {
			isa = PBXGroup;
			children = (
				B080BA111E372072009D6746 /* AFNetworking_____UITests.m */,
				B080BA131E372072009D6746 /* Info.plist */,
			);
			path = "AFNetworking的文件上传UITests";
			sourceTree = "<group>";
		};
/* End PBXGroup section */

/* Begin PBXNativeTarget section */
		B080B9E81E372072009D6746 /* AFNetworking的文件上传 */ = {
			isa = PBXNativeTarget;
			buildConfigurationList = B080BA161E372072009D6746 /* Build configuration list for PBXNativeTarget "AFNetworking的文件上传" */;
			buildPhases = (
				2C52EFCFC139E73B93822F25 /* [CP] Check Pods Manifest.lock */,
				B080B9E51E372072009D6746 /* Sources */,
				B080B9E61E372072009D6746 /* Frameworks */,
				B080B9E71E372072009D6746 /* Resources */,
				DB8EF2C0B6B19FCE540F180F /* [CP] Embed Pods Frameworks */,
				9701FCE457D52D44D6211F3D /* [CP] Copy Pods Resources */,
			);
			buildRules = (
			);
			dependencies = (
			);
			name = "AFNetworking的文件上传";
			productName = "AFNetworking的文件上传";
			productReference = B080B9E91E372072009D6746 /* AFNetworking的文件上传.app */;
			productType = "com.apple.product-type.application";
		};
		B080BA011E372072009D6746 /* AFNetworking的文件上传Tests */ = {
			isa = PBXNativeTarget;
			buildConfigurationList = B080BA191E372072009D6746 /* Build configuration list for PBXNativeTarget "AFNetworking的文件上传Tests" */;
			buildPhases = (
				B080B9FE1E372072009D6746 /* Sources */,
				B080B9FF1E372072009D6746 /* Frameworks */,
				B080BA001E372072009D6746 /* Resources */,
			);
			buildRules = (
			);
			dependencies = (
				B080BA041E372072009D6746 /* PBXTargetDependency */,
			);
			name = "AFNetworking的文件上传Tests";
			productName = "AFNetworking的文件上传Tests";
			productReference = B080BA021E372072009D6746 /* AFNetworking的文件上传Tests.xctest */;
			productType = "com.apple.product-type.bundle.unit-test";
		};
		B080BA0C1E372072009D6746 /* AFNetworking的文件上传UITests */ = {
			isa = PBXNativeTarget;
			buildConfigurationList = B080BA1C1E372072009D6746 /* Build configuration list for PBXNativeTarget "AFNetworking的文件上传UITests" */;
			buildPhases = (
				B080BA091E372072009D6746 /* Sources */,
				B080BA0A1E372072009D6746 /* Frameworks */,
				B080BA0B1E372072009D6746 /* Resources */,
			);
			buildRules = (
			);
			dependencies = (
				B080BA0F1E372072009D6746 /* PBXTargetDependency */,
			);
			name = "AFNetworking的文件上传UITests";
			productName = "AFNetworking的文件上传UITests";
			productReference = B080BA0D1E372072009D6746 /* AFNetworking的文件上传UITests.xctest */;
			productType = "com.apple.product-type.bundle.ui-testing";
		};
/* End PBXNativeTarget section */

/* Begin PBXProject section */
		B080B9E11E372072009D6746 /* Project object */ = {
			isa = PBXProject;
			attributes = {
				LastUpgradeCheck = 0720;
				ORGANIZATIONNAME = feyddy;
				TargetAttributes = {
					B080B9E81E372072009D6746 = {
						CreatedOnToolsVersion = 7.2;
					};
					B080BA011E372072009D6746 = {
						CreatedOnToolsVersion = 7.2;
						TestTargetID = B080B9E81E372072009D6746;
					};
					B080BA0C1E372072009D6746 = {
						CreatedOnToolsVersion = 7.2;
						TestTargetID = B080B9E81E372072009D6746;
					};
				};
			};
			buildConfigurationList = B080B9E41E372072009D6746 /* Build configuration list for PBXProject "AFNetworking的文件上传" */;
			compatibilityVersion = "Xcode 3.2";
			developmentRegion = English;
			hasScannedForEncodings = 0;
			knownRegions = (
				en,
				Base,
			);
			mainGroup = B080B9E01E372072009D6746;
			productRefGroup = B080B9EA1E372072009D6746 /* Products */;
			projectDirPath = "";
			projectRoot = "";
			targets = (
				B080B9E81E372072009D6746 /* AFNetworking的文件上传 */,
				B080BA011E372072009D6746 /* AFNetworking的文件上传Tests */,
				B080BA0C1E372072009D6746 /* AFNetworking的文件上传UITests */,
			);
		};
/* End PBXProject section */

/* Begin PBXResourcesBuildPhase section */
		B080B9E71E372072009D6746 /* Resources */ = {
			isa = PBXResourcesBuildPhase;
			buildActionMask = 2147483647;
			files = (
				B080B9FC1E372072009D6746 /* LaunchScreen.storyboard in Resources */,
				B080B9F91E372072009D6746 /* Assets.xcassets in Resources */,
				B080B9F71E372072009D6746 /* Main.storyboard in Resources */,
			);
			runOnlyForDeploymentPostprocessing = 0;
		};
		B080BA001E372072009D6746 /* Resources */ = {
			isa = PBXResourcesBuildPhase;
			buildActionMask = 2147483647;
			files = (
			);
			runOnlyForDeploymentPostprocessing = 0;
		};
		B080BA0B1E372072009D6746 /* Resources */ = {
			isa = PBXResourcesBuildPhase;
			buildActionMask = 2147483647;
			files = (
			);
			runOnlyForDeploymentPostprocessing = 0;
		};
/* End PBXResourcesBuildPhase section */

/* Begin PBXShellScriptBuildPhase section */
		2C52EFCFC139E73B93822F25 /* [CP] Check Pods Manifest.lock */ = {
			isa = PBXShellScriptBuildPhase;
			buildActionMask = 2147483647;
			files = (
			);
			inputPaths = (
			);
			name = "[CP] Check Pods Manifest.lock";
			outputPaths = (
			);
			runOnlyForDeploymentPostprocessing = 0;
			shellPath = /bin/sh;
			shellScript = "diff \"${PODS_ROOT}/../Podfile.lock\" \"${PODS_ROOT}/Manifest.lock\" > /dev/null\nif [[ $? != 0 ]] ; then\n    cat << EOM\nerror: The sandbox is not in sync with the Podfile.lock. Run 'pod install' or update your CocoaPods installation.\nEOM\n    exit 1\nfi\n";
			showEnvVarsInLog = 0;
		};
		9701FCE457D52D44D6211F3D /* [CP] Copy Pods Resources */ = {
			isa = PBXShellScriptBuildPhase;
			buildActionMask = 2147483647;
			files = (
			);
			inputPaths = (
			);
			name = "[CP] Copy Pods Resources";
			outputPaths = (
			);
			runOnlyForDeploymentPostprocessing = 0;
			shellPath = /bin/sh;
			shellScript = "\"${SRCROOT}/Pods/Target Support Files/Pods-AFNetworking的文件上传/Pods-AFNetworking的文件上传-resources.sh\"\n";
			showEnvVarsInLog = 0;
		};
		DB8EF2C0B6B19FCE540F180F /* [CP] Embed Pods Frameworks */ = {
			isa = PBXShellScriptBuildPhase;
			buildActionMask = 2147483647;
			files = (
			);
			inputPaths = (
			);
			name = "[CP] Embed Pods Frameworks";
			outputPaths = (
			);
			runOnlyForDeploymentPostprocessing = 0;
			shellPath = /bin/sh;
			shellScript = "\"${SRCROOT}/Pods/Target Support Files/Pods-AFNetworking的文件上传/Pods-AFNetworking的文件上传-frameworks.sh\"\n";
			showEnvVarsInLog = 0;
		};
/* End PBXShellScriptBuildPhase section */

/* Begin PBXSourcesBuildPhase section */
		B080B9E51E372072009D6746 /* Sources */ = {
			isa = PBXSourcesBuildPhase;
			buildActionMask = 2147483647;
			files = (
				B080B9F41E372072009D6746 /* ViewController.m in Sources */,
				B07C84411E445DE30013B832 /* NSString+Hash.m in Sources */,
				B080B9F11E372072009D6746 /* AppDelegate.m in Sources */,
				B07C843B1E4454DB0013B832 /* Reachability.m in Sources */,
				B080B9EE1E372072009D6746 /* main.m in Sources */,
				B07C843E1E445DC30013B832 /* CocoaSecurity.m in Sources */,
			);
			runOnlyForDeploymentPostprocessing = 0;
		};
		B080B9FE1E372072009D6746 /* Sources */ = {
			isa = PBXSourcesBuildPhase;
			buildActionMask = 2147483647;
			files = (
				B080BA071E372072009D6746 /* AFNetworking_____Tests.m in Sources */,
			);
			runOnlyForDeploymentPostprocessing = 0;
		};
		B080BA091E372072009D6746 /* Sources */ = {
			isa = PBXSourcesBuildPhase;
			buildActionMask = 2147483647;
			files = (
				B080BA121E372072009D6746 /* AFNetworking_____UITests.m in Sources */,
			);
			runOnlyForDeploymentPostprocessing = 0;
		};
/* End PBXSourcesBuildPhase section */

/* Begin PBXTargetDependency section */
		B080BA041E372072009D6746 /* PBXTargetDependency */ = {
			isa = PBXTargetDependency;
			target = B080B9E81E372072009D6746 /* AFNetworking的文件上传 */;
			targetProxy = B080BA031E372072009D6746 /* PBXContainerItemProxy */;
		};
		B080BA0F1E372072009D6746 /* PBXTargetDependency */ = {
			isa = PBXTargetDependency;
			target = B080B9E81E372072009D6746 /* AFNetworking的文件上传 */;
			targetProxy = B080BA0E1E372072009D6746 /* PBXContainerItemProxy */;
		};
/* End PBXTargetDependency section */

/* Begin PBXVariantGroup section */
		B080B9F51E372072009D6746 /* Main.storyboard */ = {
			isa = PBXVariantGroup;
			children = (
				B080B9F61E372072009D6746 /* Base */,
			);
			name = Main.storyboard;
			sourceTree = "<group>";
		};
		B080B9FA1E372072009D6746 /* LaunchScreen.storyboard */ = {
			isa = PBXVariantGroup;
			children = (
				B080B9FB1E372072009D6746 /* Base */,
			);
			name = LaunchScreen.storyboard;
			sourceTree = "<group>";
		};
/* End PBXVariantGroup section */

/* Begin XCBuildConfiguration section */
		B080BA141E372072009D6746 /* Debug */ = {
			isa = XCBuildConfiguration;
			buildSettings = {
				ALWAYS_SEARCH_USER_PATHS = NO;
				CLANG_CXX_LANGUAGE_STANDARD = "gnu++0x";
				CLANG_CXX_LIBRARY = "libc++";
				CLANG_ENABLE_MODULES = YES;
				CLANG_ENABLE_OBJC_ARC = YES;
				CLANG_WARN_BOOL_CONVERSION = YES;
				CLANG_WARN_CONSTANT_CONVERSION = YES;
				CLANG_WARN_DIRECT_OBJC_ISA_USAGE = YES_ERROR;
				CLANG_WARN_EMPTY_BODY = YES;
				CLANG_WARN_ENUM_CONVERSION = YES;
				CLANG_WARN_INT_CONVERSION = YES;
				CLANG_WARN_OBJC_ROOT_CLASS = YES_ERROR;
				CLANG_WARN_UNREACHABLE_CODE = YES;
				CLANG_WARN__DUPLICATE_METHOD_MATCH = YES;
				"CODE_SIGN_IDENTITY[sdk=iphoneos*]" = "iPhone Developer";
				COPY_PHASE_STRIP = NO;
				DEBUG_INFORMATION_FORMAT = dwarf;
				ENABLE_STRICT_OBJC_MSGSEND = YES;
				ENABLE_TESTABILITY = YES;
				GCC_C_LANGUAGE_STANDARD = gnu99;
				GCC_DYNAMIC_NO_PIC = NO;
				GCC_NO_COMMON_BLOCKS = YES;
				GCC_OPTIMIZATION_LEVEL = 0;
				GCC_PREPROCESSOR_DEFINITIONS = (
					"DEBUG=1",
					"$(inherited)",
				);
				GCC_WARN_64_TO_32_BIT_CONVERSION = YES;
				GCC_WARN_ABOUT_RETURN_TYPE = YES_ERROR;
				GCC_WARN_UNDECLARED_SELECTOR = YES;
				GCC_WARN_UNINITIALIZED_AUTOS = YES_AGGRESSIVE;
				GCC_WARN_UNUSED_FUNCTION = YES;
				GCC_WARN_UNUSED_VARIABLE = YES;
				IPHONEOS_DEPLOYMENT_TARGET = 9.2;
				MTL_ENABLE_DEBUG_INFO = YES;
				ONLY_ACTIVE_ARCH = YES;
				SDKROOT = iphoneos;
			};
			name = Debug;
		};
		B080BA151E372072009D6746 /* Release */ = {
			isa = XCBuildConfiguration;
			buildSettings = {
				ALWAYS_SEARCH_USER_PATHS = NO;
				CLANG_CXX_LANGUAGE_STANDARD = "gnu++0x";
				CLANG_CXX_LIBRARY = "libc++";
				CLANG_ENABLE_MODULES = YES;
				CLANG_ENABLE_OBJC_ARC = YES;
				CLANG_WARN_BOOL_CONVERSION = YES;
				CLANG_WARN_CONSTANT_CONVERSION = YES;
				CLANG_WARN_DIRECT_OBJC_ISA_USAGE = YES_ERROR;
				CLANG_WARN_EMPTY_BODY = YES;
				CLANG_WARN_ENUM_CONVERSION = YES;
				CLANG_WARN_INT_CONVERSION = YES;
				CLANG_WARN_OBJC_ROOT_CLASS = YES_ERROR;
				CLANG_WARN_UNREACHABLE_CODE = YES;
				CLANG_WARN__DUPLICATE_METHOD_MATCH = YES;
				"CODE_SIGN_IDENTITY[sdk=iphoneos*]" = "iPhone Developer";
				COPY_PHASE_STRIP = NO;
				DEBUG_INFORMATION_FORMAT = "dwarf-with-dsym";
				ENABLE_NS_ASSERTIONS = NO;
				ENABLE_STRICT_OBJC_MSGSEND = YES;
				GCC_C_LANGUAGE_STANDARD = gnu99;
				GCC_NO_COMMON_BLOCKS = YES;
				GCC_WARN_64_TO_32_BIT_CONVERSION = YES;
				GCC_WARN_ABOUT_RETURN_TYPE = YES_ERROR;
				GCC_WARN_UNDECLARED_SELECTOR = YES;
				GCC_WARN_UNINITIALIZED_AUTOS = YES_AGGRESSIVE;
				GCC_WARN_UNUSED_FUNCTION = YES;
				GCC_WARN_UNUSED_VARIABLE = YES;
				IPHONEOS_DEPLOYMENT_TARGET = 9.2;
				MTL_ENABLE_DEBUG_INFO = NO;
				SDKROOT = iphoneos;
				VALIDATE_PRODUCT = YES;
			};
			name = Release;
		};
		B080BA171E372072009D6746 /* Debug */ = {
			isa = XCBuildConfiguration;
			baseConfigurationReference = 7AB21DE025755CE8C110BDBE /* Pods-AFNetworking的文件上传.debug.xcconfig */;
			buildSettings = {
				ASSETCATALOG_COMPILER_APPICON_NAME = AppIcon;
				INFOPLIST_FILE = "AFNetworking的文件上传/Info.plist";
				LD_RUNPATH_SEARCH_PATHS = "$(inherited) @executable_path/Frameworks";
				PRODUCT_BUNDLE_IDENTIFIER = "feyddy.AFNetworking-----";
				PRODUCT_NAME = "$(TARGET_NAME)";
			};
			name = Debug;
		};
		B080BA181E372072009D6746 /* Release */ = {
			isa = XCBuildConfiguration;
			baseConfigurationReference = 7470674C4F2FBF1EA1DCA329 /* Pods-AFNetworking的文件上传.release.xcconfig */;
			buildSettings = {
				ASSETCATALOG_COMPILER_APPICON_NAME = AppIcon;
				INFOPLIST_FILE = "AFNetworking的文件上传/Info.plist";
				LD_RUNPATH_SEARCH_PATHS = "$(inherited) @executable_path/Frameworks";
				PRODUCT_BUNDLE_IDENTIFIER = "feyddy.AFNetworking-----";
				PRODUCT_NAME = "$(TARGET_NAME)";
			};
			name = Release;
		};
		B080BA1A1E372072009D6746 /* Debug */ = {
			isa = XCBuildConfiguration;
			buildSettings = {
				BUNDLE_LOADER = "$(TEST_HOST)";
				INFOPLIST_FILE = "AFNetworking的文件上传Tests/Info.plist";
				LD_RUNPATH_SEARCH_PATHS = "$(inherited) @executable_path/Frameworks @loader_path/Frameworks";
				PRODUCT_BUNDLE_IDENTIFIER = "feyddy.AFNetworking-----Tests";
				PRODUCT_NAME = "$(TARGET_NAME)";
				TEST_HOST = "$(BUILT_PRODUCTS_DIR)/AFNetworking的文件上传.app/AFNetworking的文件上传";
			};
			name = Debug;
		};
		B080BA1B1E372072009D6746 /* Release */ = {
			isa = XCBuildConfiguration;
			buildSettings = {
				BUNDLE_LOADER = "$(TEST_HOST)";
				INFOPLIST_FILE = "AFNetworking的文件上传Tests/Info.plist";
				LD_RUNPATH_SEARCH_PATHS = "$(inherited) @executable_path/Frameworks @loader_path/Frameworks";
				PRODUCT_BUNDLE_IDENTIFIER = "feyddy.AFNetworking-----Tests";
				PRODUCT_NAME = "$(TARGET_NAME)";
				TEST_HOST = "$(BUILT_PRODUCTS_DIR)/AFNetworking的文件上传.app/AFNetworking的文件上传";
			};
			name = Release;
		};
		B080BA1D1E372072009D6746 /* Debug */ = {
			isa = XCBuildConfiguration;
			buildSettings = {
				INFOPLIST_FILE = "AFNetworking的文件上传UITests/Info.plist";
				LD_RUNPATH_SEARCH_PATHS = "$(inherited) @executable_path/Frameworks @loader_path/Frameworks";
				PRODUCT_BUNDLE_IDENTIFIER = "feyddy.AFNetworking-----UITests";
				PRODUCT_NAME = "$(TARGET_NAME)";
				TEST_TARGET_NAME = "AFNetworking的文件上传";
				USES_XCTRUNNER = YES;
			};
			name = Debug;
		};
		B080BA1E1E372072009D6746 /* Release */ = {
			isa = XCBuildConfiguration;
			buildSettings = {
				INFOPLIST_FILE = "AFNetworking的文件上传UITests/Info.plist";
				LD_RUNPATH_SEARCH_PATHS = "$(inherited) @executable_path/Frameworks @loader_path/Frameworks";
				PRODUCT_BUNDLE_IDENTIFIER = "feyddy.AFNetworking-----UITests";
				PRODUCT_NAME = "$(TARGET_NAME)";
				TEST_TARGET_NAME = "AFNetworking的文件上传";
				USES_XCTRUNNER = YES;
			};
			name = Release;
		};
/* End XCBuildConfiguration section */

/* Begin XCConfigurationList section */
		B080B9E41E372072009D6746 /* Build configuration list for PBXProject "AFNetworking的文件上传" */ = {
			isa = XCConfigurationList;
			buildConfigurations = (
				B080BA141E372072009D6746 /* Debug */,
				B080BA151E372072009D6746 /* Release */,
			);
			defaultConfigurationIsVisible = 0;
			defaultConfigurationName = Release;
		};
		B080BA161E372072009D6746 /* Build configuration list for PBXNativeTarget "AFNetworking的文件上传" */ = {
			isa = XCConfigurationList;
			buildConfigurations = (
				B080BA171E372072009D6746 /* Debug */,
				B080BA181E372072009D6746 /* Release */,
			);
			defaultConfigurationIsVisible = 0;
			defaultConfigurationName = Release;
		};
		B080BA191E372072009D6746 /* Build configuration list for PBXNativeTarget "AFNetworking的文件上传Tests" */ = {
			isa = XCConfigurationList;
			buildConfigurations = (
				B080BA1A1E372072009D6746 /* Debug */,
				B080BA1B1E372072009D6746 /* Release */,
			);
			defaultConfigurationIsVisible = 0;
			defaultConfigurationName = Release;
		};
		B080BA1C1E372072009D6746 /* Build configuration list for PBXNativeTarget "AFNetworking的文件上传UITests" */ = {
			isa = XCConfigurationList;
			buildConfigurations = (
				B080BA1D1E372072009D6746 /* Debug */,
				B080BA1E1E372072009D6746 /* Release */,
			);
			defaultConfigurationIsVisible = 0;
			defaultConfigurationName = Release;
		};
/* End XCConfigurationList section */
	};
	rootObject = B080B9E11E372072009D6746 /* Project object */;
}
